
Microsoft Visual Studio Solution File, Format Version 12.00
# Visual Studio 15
VisualStudioVersion = 15.0.27703.2042
MinimumVisualStudioVersion = 10.0.40219.1
Project("{FAE04EC0-301F-11D3-BF4B-00C04F79EFBC}") = "QATesting", "QATesting\QATesting.csproj", "{BB63BB1F-4583-441D-98EB-55365D435DA2}"
EndProject
Global
	GlobalSection(SolutionConfigurationPlatforms) = preSolution
		Debug|Any CPU = Debug|Any CPU
		Release|Any CPU = Release|Any CPU
	EndGlobalSection
	GlobalSection(ProjectConfigurationPlatforms) = postSolution
		{BB63BB1F-4583-441D-98EB-55365D435DA2}.Debug|Any CPU.ActiveCfg = Debug|Any CPU
		{BB63BB1F-4583-441D-98EB-55365D435DA2}.Debug|Any CPU.Build.0 = Debug|Any CPU
		{BB63BB1F-4583-441D-98EB-55365D435DA2}.Release|Any CPU.ActiveCfg = Release|Any CPU
		{BB63BB1F-4583-441D-98EB-55365D435DA2}.Release|Any CPU.Build.0 = Release|Any CPU
	EndGlobalSection
	GlobalSection(SolutionProperties) = preSolution
		HideSolutionNode = FALSE
	EndGlobalSection
	GlobalSection(ExtensibilityGlobals) = postSolution
		SolutionGuid = {B4A6EAB8-444A-49AD-BB77-49A6F3054A6F}
	EndGlobalSection
EndGlobal
